
Microsoft Visual Studio Solution File, Format Version 12.00
# Visual Studio Version 17
VisualStudioVersion = 17.12.35521.163 d17.12
MinimumVisualStudioVersion = 10.0.40219.1
Project("{FAE04EC0-301F-11D3-BF4B-00C04F79EFBC}") = "test7_23", "test7_23\test7_23.csproj", "{D0ECF742-12BA-407C-B8B6-4CAA81F81E11}"
EndProject
Project("{FAE04EC0-301F-11D3-BF4B-00C04F79EFBC}") = "test7_23_2", "test7_23_2\test7_23_2.csproj", "{E8D69D86-33DE-413A-8E20-87CD2B2C2CE2}"
EndProject
Global
	GlobalSection(SolutionConfigurationPlatforms) = preSolution
		Debug|Any CPU = Debug|Any CPU
		Release|Any CPU = Release|Any CPU
	EndGlobalSection
	GlobalSection(ProjectConfigurationPlatforms) = postSolution
		{D0ECF742-12BA-407C-B8B6-4CAA81F81E11}.Debug|Any CPU.ActiveCfg = Debug|Any CPU
		{D0ECF742-12BA-407C-B8B6-4CAA81F81E11}.Debug|Any CPU.Build.0 = Debug|Any CPU
		{D0ECF742-12BA-407C-B8B6-4CAA81F81E11}.Release|Any CPU.ActiveCfg = Release|Any CPU
		{D0ECF742-12BA-407C-B8B6-4CAA81F81E11}.Release|Any CPU.Build.0 = Release|Any CPU
		{E8D69D86-33DE-413A-8E20-87CD2B2C2CE2}.Debug|Any CPU.ActiveCfg = Debug|Any CPU
		{E8D69D86-33DE-413A-8E20-87CD2B2C2CE2}.Debug|Any CPU.Build.0 = Debug|Any CPU
		{E8D69D86-33DE-413A-8E20-87CD2B2C2CE2}.Release|Any CPU.ActiveCfg = Release|Any CPU
		{E8D69D86-33DE-413A-8E20-87CD2B2C2CE2}.Release|Any CPU.Build.0 = Release|Any CPU
	EndGlobalSection
	GlobalSection(SolutionProperties) = preSolution
		HideSolutionNode = FALSE
	EndGlobalSection
EndGlobal
